// !$*UTF8*$!
{
	archiveVersion = 1;
	classes = {
	};
	objectVersion = 56;
	objects = {

/* Begin PBXBuildFile section */
		31113F8E2A8939D700A82CCD /* StoreInfoViewController.swift in Sources */ = {isa = PBXBuildFile; fileRef = 31113F8D2A8939D700A82CCD /* StoreInfoViewController.swift */; };
		311168672A8CC45400D68AEE /* VerifyViewController.swift in Sources */ = {isa = PBXBuildFile; fileRef = 311168662A8CC45400D68AEE /* VerifyViewController.swift */; };
		311189692A8BCCF700C27E3E /* LoginView.storyboard in Resources */ = {isa = PBXBuildFile; fileRef = 311189682A8BCCF700C27E3E /* LoginView.storyboard */; };
		3111896B2A8BD1A700C27E3E /* NotificationViewController.swift in Sources */ = {isa = PBXBuildFile; fileRef = 3111896A2A8BD1A700C27E3E /* NotificationViewController.swift */; };
		3111896D2A8BD24F00C27E3E /* NotificationTableViewCell.swift in Sources */ = {isa = PBXBuildFile; fileRef = 3111896C2A8BD24F00C27E3E /* NotificationTableViewCell.swift */; };
		311189742A8BDAAB00C27E3E /* AfterLoginViewController.swift in Sources */ = {isa = PBXBuildFile; fileRef = 311189732A8BDAAB00C27E3E /* AfterLoginViewController.swift */; };
		311189762A8BDAC700C27E3E /* LoginViewController.swift in Sources */ = {isa = PBXBuildFile; fileRef = 311189752A8BDAC700C27E3E /* LoginViewController.swift */; };
		311325E52A8728DB006F3140 /* FilterViewController.swift in Sources */ = {isa = PBXBuildFile; fileRef = 311325E42A8728DB006F3140 /* FilterViewController.swift */; };
		311325E72A8728EC006F3140 /* SearchDetailViewController.swift in Sources */ = {isa = PBXBuildFile; fileRef = 311325E62A8728EC006F3140 /* SearchDetailViewController.swift */; };
		313B68C62A8CA27A007D70B7 /* KakaoWebViewViewController.swift in Sources */ = {isa = PBXBuildFile; fileRef = 313B68C52A8CA27A007D70B7 /* KakaoWebViewViewController.swift */; };
		313B68C92A8CA612007D70B7 /* UserInfoData.swift in Sources */ = {isa = PBXBuildFile; fileRef = 313B68C82A8CA612007D70B7 /* UserInfoData.swift */; };
		3185E6A92A8D085C00716F17 /* StoreInfo.swift in Sources */ = {isa = PBXBuildFile; fileRef = 3185E6A82A8D085C00716F17 /* StoreInfo.swift */; };
		318C440F2A8A28A60036582D /* MyPage.storyboard in Resources */ = {isa = PBXBuildFile; fileRef = 318C440E2A8A28A60036582D /* MyPage.storyboard */; };
		318C44112A8A29460036582D /* MyPageViewController.swift in Sources */ = {isa = PBXBuildFile; fileRef = 318C44102A8A29460036582D /* MyPageViewController.swift */; };
		318C44152A8A29CB0036582D /* VisitedRecordViewController.swift in Sources */ = {isa = PBXBuildFile; fileRef = 318C44142A8A29CB0036582D /* VisitedRecordViewController.swift */; };
		318C44172A8A29D90036582D /* ReviewViewController.swift in Sources */ = {isa = PBXBuildFile; fileRef = 318C44162A8A29D90036582D /* ReviewViewController.swift */; };
		318C44192A8A38FA0036582D /* StoredTableViewCell.swift in Sources */ = {isa = PBXBuildFile; fileRef = 318C44182A8A38FA0036582D /* StoredTableViewCell.swift */; };
		318C441B2A8A738B0036582D /* StoredPopUpViewController.swift in Sources */ = {isa = PBXBuildFile; fileRef = 318C441A2A8A738B0036582D /* StoredPopUpViewController.swift */; };
		318C44202A8A795F0036582D /* DeleteBtnDelegate.swift in Sources */ = {isa = PBXBuildFile; fileRef = 318C441F2A8A795F0036582D /* DeleteBtnDelegate.swift */; };
		318C44222A8A79D80036582D /* ReviewBtnDelegate.swift in Sources */ = {isa = PBXBuildFile; fileRef = 318C44212A8A79D80036582D /* ReviewBtnDelegate.swift */; };
		318C44242A8A7DF60036582D /* VisitedPopUpRecordTableViewCell.swift in Sources */ = {isa = PBXBuildFile; fileRef = 318C44232A8A7DF60036582D /* VisitedPopUpRecordTableViewCell.swift */; };
		318FC3BD2A820C5C0051CBEE /* AppDelegate.swift in Sources */ = {isa = PBXBuildFile; fileRef = 318FC3BC2A820C5C0051CBEE /* AppDelegate.swift */; };
		318FC3BF2A820C5C0051CBEE /* SceneDelegate.swift in Sources */ = {isa = PBXBuildFile; fileRef = 318FC3BE2A820C5C0051CBEE /* SceneDelegate.swift */; };
		318FC3C12A820C5C0051CBEE /* ViewController.swift in Sources */ = {isa = PBXBuildFile; fileRef = 318FC3C02A820C5C0051CBEE /* ViewController.swift */; };
		318FC3C42A820C5C0051CBEE /* Main.storyboard in Resources */ = {isa = PBXBuildFile; fileRef = 318FC3C22A820C5C0051CBEE /* Main.storyboard */; };
		318FC3C62A820C5D0051CBEE /* Assets.xcassets in Resources */ = {isa = PBXBuildFile; fileRef = 318FC3C52A820C5D0051CBEE /* Assets.xcassets */; };
		318FC3C92A820C5D0051CBEE /* LaunchScreen.storyboard in Resources */ = {isa = PBXBuildFile; fileRef = 318FC3C72A820C5D0051CBEE /* LaunchScreen.storyboard */; };
		318FC3D42A820C5E0051CBEE /* PopUpTests.swift in Sources */ = {isa = PBXBuildFile; fileRef = 318FC3D32A820C5E0051CBEE /* PopUpTests.swift */; };
		318FC3DE2A820C5E0051CBEE /* PopUpUITests.swift in Sources */ = {isa = PBXBuildFile; fileRef = 318FC3DD2A820C5E0051CBEE /* PopUpUITests.swift */; };
		318FC3E02A820C5E0051CBEE /* PopUpUITestsLaunchTests.swift in Sources */ = {isa = PBXBuildFile; fileRef = 318FC3DF2A820C5E0051CBEE /* PopUpUITestsLaunchTests.swift */; };
		319EDE402A8665F9006AD28C /* SearchView.storyboard in Resources */ = {isa = PBXBuildFile; fileRef = 319EDE3F2A8665F9006AD28C /* SearchView.storyboard */; };
		31B39E672A8D268C00F6B25E /* StoreSimple.swift in Sources */ = {isa = PBXBuildFile; fileRef = 31B39E662A8D268C00F6B25E /* StoreSimple.swift */; };
		31B39E692A8D3F4700F6B25E /* PopUpStoreListViewController.swift in Sources */ = {isa = PBXBuildFile; fileRef = 31B39E682A8D3F4700F6B25E /* PopUpStoreListViewController.swift */; };
		31B39E6B2A8D3FE400F6B25E /* EntireStoreListTVCell.swift in Sources */ = {isa = PBXBuildFile; fileRef = 31B39E6A2A8D3FE400F6B25E /* EntireStoreListTVCell.swift */; };
		31B39E6D2A8D562C00F6B25E /* NextBtnDelegate.swift in Sources */ = {isa = PBXBuildFile; fileRef = 31B39E6C2A8D562C00F6B25E /* NextBtnDelegate.swift */; };
		31DF1A332A87759000CD5A73 /* RankingTableViewCell.swift in Sources */ = {isa = PBXBuildFile; fileRef = 31DF1A322A87759000CD5A73 /* RankingTableViewCell.swift */; };
		31DF1A352A8784DA00CD5A73 /* DataSendDelegate.swift in Sources */ = {isa = PBXBuildFile; fileRef = 31DF1A342A8784DA00CD5A73 /* DataSendDelegate.swift */; };
		31DF1A372A87D98500CD5A73 /* DummyStore.swift in Sources */ = {isa = PBXBuildFile; fileRef = 31DF1A362A87D98500CD5A73 /* DummyStore.swift */; };
		31E5C0E52A86681300A9B383 /* SearchViewController.swift in Sources */ = {isa = PBXBuildFile; fileRef = 31E5C0E42A86681300A9B383 /* SearchViewController.swift */; };
		31E5C0E72A866B8100A9B383 /* CoreLocation.framework in Frameworks */ = {isa = PBXBuildFile; fileRef = 31E5C0E62A866B8100A9B383 /* CoreLocation.framework */; };
		31EEB6B42A83351100ABA9CF /* PopUpStoreCVCell.swift in Sources */ = {isa = PBXBuildFile; fileRef = 31EEB6B32A83351100ABA9CF /* PopUpStoreCVCell.swift */; };
		31EEB6B62A83352F00ABA9CF /* VisitedPieceCVCell.swift in Sources */ = {isa = PBXBuildFile; fileRef = 31EEB6B52A83352F00ABA9CF /* VisitedPieceCVCell.swift */; };
		31EEB6B82A83354100ABA9CF /* StoreListCVCell.swift in Sources */ = {isa = PBXBuildFile; fileRef = 31EEB6B72A83354100ABA9CF /* StoreListCVCell.swift */; };
		31EEB6BA2A83357300ABA9CF /* StoreListTVCell.swift in Sources */ = {isa = PBXBuildFile; fileRef = 31EEB6B92A83357300ABA9CF /* StoreListTVCell.swift */; };
		31EEB6BC2A83937D00ABA9CF /* CategoryCVCell.swift in Sources */ = {isa = PBXBuildFile; fileRef = 31EEB6BB2A83937D00ABA9CF /* CategoryCVCell.swift */; };
		5B0D947E2A89178E00F361C8 /* PieceNavigationController.swift in Sources */ = {isa = PBXBuildFile; fileRef = 5B0D947A2A89178E00F361C8 /* PieceNavigationController.swift */; };
		5B0D947F2A89178E00F361C8 /* PieceDetailViewController.swift in Sources */ = {isa = PBXBuildFile; fileRef = 5B0D947B2A89178E00F361C8 /* PieceDetailViewController.swift */; };
		5B0D94802A89178E00F361C8 /* PieceViewController.swift in Sources */ = {isa = PBXBuildFile; fileRef = 5B0D947C2A89178E00F361C8 /* PieceViewController.swift */; };
		5B0D94812A89178E00F361C8 /* PieceViewController2.swift in Sources */ = {isa = PBXBuildFile; fileRef = 5B0D947D2A89178E00F361C8 /* PieceViewController2.swift */; };
		5B0D94872A8917E300F361C8 /* PieceCollectionViewCell.swift in Sources */ = {isa = PBXBuildFile; fileRef = 5B0D94832A8917E300F361C8 /* PieceCollectionViewCell.swift */; };
		5B0D94882A8917E300F361C8 /* PieceTableViewCell.swift in Sources */ = {isa = PBXBuildFile; fileRef = 5B0D94842A8917E300F361C8 /* PieceTableViewCell.swift */; };
		5B0D94892A8917E300F361C8 /* PieceDetailTableViewCell.swift in Sources */ = {isa = PBXBuildFile; fileRef = 5B0D94852A8917E300F361C8 /* PieceDetailTableViewCell.swift */; };
		5B0D948A2A8917E300F361C8 /* PieceViewController.storyboard in Resources */ = {isa = PBXBuildFile; fileRef = 5B0D94862A8917E300F361C8 /* PieceViewController.storyboard */; };
		5B3156B72A8B7C3200B69093 /* MakePieceViewController.swift in Sources */ = {isa = PBXBuildFile; fileRef = 5B3156B62A8B7C3200B69093 /* MakePieceViewController.swift */; };
		5B447A4C2A8A4341009488F1 /* PopupFilterViewController.swift in Sources */ = {isa = PBXBuildFile; fileRef = 5B447A4B2A8A4341009488F1 /* PopupFilterViewController.swift */; };
		5B447A4F2A8A788C009488F1 /* PieceInfoViewController.storyboard in Resources */ = {isa = PBXBuildFile; fileRef = 5B447A4E2A8A788C009488F1 /* PieceInfoViewController.storyboard */; };
		5B447A512A8A789F009488F1 /* PieceInfoViewController.swift in Sources */ = {isa = PBXBuildFile; fileRef = 5B447A502A8A789F009488F1 /* PieceInfoViewController.swift */; };
		5B447A542A8A89DC009488F1 /* PieceInfoTableViewCell.swift in Sources */ = {isa = PBXBuildFile; fileRef = 5B447A532A8A89DC009488F1 /* PieceInfoTableViewCell.swift */; };
		5B447A562A8A9A5C009488F1 /* PieceInfoCollectionViewCell.swift in Sources */ = {isa = PBXBuildFile; fileRef = 5B447A552A8A9A5C009488F1 /* PieceInfoCollectionViewCell.swift */; };
		5B9BF4D72A8B83E400F564CC /* MakePieceTableViewCell.swift in Sources */ = {isa = PBXBuildFile; fileRef = 5B9BF4D62A8B83E400F564CC /* MakePieceTableViewCell.swift */; };
		5B9BF4D92A8B873400F564CC /* MakePiecePictureViewController.swift in Sources */ = {isa = PBXBuildFile; fileRef = 5B9BF4D82A8B873400F564CC /* MakePiecePictureViewController.swift */; };
		5B9BF4DB2A8BA58500F564CC /* PieceSaveViewController.swift in Sources */ = {isa = PBXBuildFile; fileRef = 5B9BF4DA2A8BA58500F564CC /* PieceSaveViewController.swift */; };
		5B9BF4DD2A8BC64D00F564CC /* QRViewController.swift in Sources */ = {isa = PBXBuildFile; fileRef = 5B9BF4DC2A8BC64D00F564CC /* QRViewController.swift */; };
		5B9BF4DF2A8BC7AD00F564CC /* CustomPresentationController.swift in Sources */ = {isa = PBXBuildFile; fileRef = 5B9BF4DE2A8BC7AD00F564CC /* CustomPresentationController.swift */; };
		5B9BF4E12A8BD0CC00F564CC /* RecommandPopupViewController.swift in Sources */ = {isa = PBXBuildFile; fileRef = 5B9BF4E02A8BD0CC00F564CC /* RecommandPopupViewController.swift */; };
		5B9BF4E32A8BD2DE00F564CC /* RecommandCollectionViewCell.swift in Sources */ = {isa = PBXBuildFile; fileRef = 5B9BF4E22A8BD2DE00F564CC /* RecommandCollectionViewCell.swift */; };
		5BAEA4BC2A8C9F8800E2D382 /* APIConstants.swift in Sources */ = {isa = PBXBuildFile; fileRef = 5BAEA4BB2A8C9F8800E2D382 /* APIConstants.swift */; };
		5BAEA4C22A8CBCC000E2D382 /* HomeWeeklyHotResponseModel.swift in Sources */ = {isa = PBXBuildFile; fileRef = 5BAEA4C12A8CBCC000E2D382 /* HomeWeeklyHotResponseModel.swift */; };
		5BAEA4C42A8CC0F400E2D382 /* HomeAllPopupResponseData.swift in Sources */ = {isa = PBXBuildFile; fileRef = 5BAEA4C32A8CC0F400E2D382 /* HomeAllPopupResponseData.swift */; };
		5BAEA4C82A8CC2BE00E2D382 /* PopupDetailResponseData.swift in Sources */ = {isa = PBXBuildFile; fileRef = 5BAEA4C72A8CC2BE00E2D382 /* PopupDetailResponseData.swift */; };
		5BAEA4CA2A8CC31F00E2D382 /* PopupDetailBookMarkResponseData.swift in Sources */ = {isa = PBXBuildFile; fileRef = 5BAEA4C92A8CC31F00E2D382 /* PopupDetailBookMarkResponseData.swift */; };
		5BAEA4CD2A8CC4CE00E2D382 /* HomeManager.swift in Sources */ = {isa = PBXBuildFile; fileRef = 5BAEA4CC2A8CC4CE00E2D382 /* HomeManager.swift */; };
		5BAEA4D22A8CD71700E2D382 /* PopupDetailManager.swift in Sources */ = {isa = PBXBuildFile; fileRef = 5BAEA4D12A8CD71700E2D382 /* PopupDetailManager.swift */; };
		5BAEA4D42A8D16D600E2D382 /* Login2ViewController.swift in Sources */ = {isa = PBXBuildFile; fileRef = 5BAEA4D32A8D16D600E2D382 /* Login2ViewController.swift */; };
		5BAEA4D62A8D266000E2D382 /* StoreDetail.swift in Sources */ = {isa = PBXBuildFile; fileRef = 5BAEA4D52A8D266000E2D382 /* StoreDetail.swift */; };
		5BAEA4D82A8D477900E2D382 /* PopupResponseStructure.swift in Sources */ = {isa = PBXBuildFile; fileRef = 5BAEA4D72A8D477900E2D382 /* PopupResponseStructure.swift */; };
		5BAEA4DA2A8D47AA00E2D382 /* PopupManager.swift in Sources */ = {isa = PBXBuildFile; fileRef = 5BAEA4D92A8D47AA00E2D382 /* PopupManager.swift */; };
		5BAEA4DC2A8D547600E2D382 /* PopupDetailResponseStructure.swift in Sources */ = {isa = PBXBuildFile; fileRef = 5BAEA4DB2A8D547600E2D382 /* PopupDetailResponseStructure.swift */; };
		5BAEA4DE2A8D5A8D00E2D382 /* MyPopupResponseStructure.swift in Sources */ = {isa = PBXBuildFile; fileRef = 5BAEA4DD2A8D5A8D00E2D382 /* MyPopupResponseStructure.swift */; };
		D7ED2EDD3063295B59E2BF43 /* Pods_PopUp.framework in Frameworks */ = {isa = PBXBuildFile; fileRef = C8259B5120241622544272A9 /* Pods_PopUp.framework */; };
		DC23FB5AB0C41933D6451B1F /* Pods_PopUp_PopUpUITests.framework in Frameworks */ = {isa = PBXBuildFile; fileRef = 14CE07B182A8FFD143C621B3 /* Pods_PopUp_PopUpUITests.framework */; };
		EAF258F42A52E53FBA5CE3C8 /* Pods_PopUpTests.framework in Frameworks */ = {isa = PBXBuildFile; fileRef = 7A25E2221F7FCFFF7D7DBC73 /* Pods_PopUpTests.framework */; };
/* End PBXBuildFile section */

/* Begin PBXContainerItemProxy section */
		318FC3D02A820C5E0051CBEE /* PBXContainerItemProxy */ = {
			isa = PBXContainerItemProxy;
			containerPortal = 318FC3B12A820C5C0051CBEE /* Project object */;
			proxyType = 1;
			remoteGlobalIDString = 318FC3B82A820C5C0051CBEE;
			remoteInfo = PopUp;
		};
		318FC3DA2A820C5E0051CBEE /* PBXContainerItemProxy */ = {
			isa = PBXContainerItemProxy;
			containerPortal = 318FC3B12A820C5C0051CBEE /* Project object */;
			proxyType = 1;
			remoteGlobalIDString = 318FC3B82A820C5C0051CBEE;
			remoteInfo = PopUp;
		};
/* End PBXContainerItemProxy section */

/* Begin PBXFileReference section */
		14CE07B182A8FFD143C621B3 /* Pods_PopUp_PopUpUITests.framework */ = {isa = PBXFileReference; explicitFileType = wrapper.framework; includeInIndex = 0; path = Pods_PopUp_PopUpUITests.framework; sourceTree = BUILT_PRODUCTS_DIR; };
		31113F8D2A8939D700A82CCD /* StoreInfoViewController.swift */ = {isa = PBXFileReference; lastKnownFileType = sourcecode.swift; path = StoreInfoViewController.swift; sourceTree = "<group>"; };
		311168662A8CC45400D68AEE /* VerifyViewController.swift */ = {isa = PBXFileReference; lastKnownFileType = sourcecode.swift; path = VerifyViewController.swift; sourceTree = "<group>"; };
		311189682A8BCCF700C27E3E /* LoginView.storyboard */ = {isa = PBXFileReference; lastKnownFileType = file.storyboard; path = LoginView.storyboard; sourceTree = "<group>"; };
		3111896A2A8BD1A700C27E3E /* NotificationViewController.swift */ = {isa = PBXFileReference; lastKnownFileType = sourcecode.swift; path = NotificationViewController.swift; sourceTree = "<group>"; };
		3111896C2A8BD24F00C27E3E /* NotificationTableViewCell.swift */ = {isa = PBXFileReference; lastKnownFileType = sourcecode.swift; path = NotificationTableViewCell.swift; sourceTree = "<group>"; };
		311189732A8BDAAB00C27E3E /* AfterLoginViewController.swift */ = {isa = PBXFileReference; lastKnownFileType = sourcecode.swift; path = AfterLoginViewController.swift; sourceTree = "<group>"; };
		311189752A8BDAC700C27E3E /* LoginViewController.swift */ = {isa = PBXFileReference; lastKnownFileType = sourcecode.swift; path = LoginViewController.swift; sourceTree = "<group>"; };
		311325E42A8728DB006F3140 /* FilterViewController.swift */ = {isa = PBXFileReference; lastKnownFileType = sourcecode.swift; path = FilterViewController.swift; sourceTree = "<group>"; };
		311325E62A8728EC006F3140 /* SearchDetailViewController.swift */ = {isa = PBXFileReference; lastKnownFileType = sourcecode.swift; path = SearchDetailViewController.swift; sourceTree = "<group>"; };
		313B68C52A8CA27A007D70B7 /* KakaoWebViewViewController.swift */ = {isa = PBXFileReference; lastKnownFileType = sourcecode.swift; path = KakaoWebViewViewController.swift; sourceTree = "<group>"; };
		313B68C82A8CA612007D70B7 /* UserInfoData.swift */ = {isa = PBXFileReference; lastKnownFileType = sourcecode.swift; path = UserInfoData.swift; sourceTree = "<group>"; };
		3185E6A82A8D085C00716F17 /* StoreInfo.swift */ = {isa = PBXFileReference; lastKnownFileType = sourcecode.swift; path = StoreInfo.swift; sourceTree = "<group>"; };
		318C440E2A8A28A60036582D /* MyPage.storyboard */ = {isa = PBXFileReference; lastKnownFileType = file.storyboard; path = MyPage.storyboard; sourceTree = "<group>"; };
		318C44102A8A29460036582D /* MyPageViewController.swift */ = {isa = PBXFileReference; lastKnownFileType = sourcecode.swift; path = MyPageViewController.swift; sourceTree = "<group>"; };
		318C44142A8A29CB0036582D /* VisitedRecordViewController.swift */ = {isa = PBXFileReference; lastKnownFileType = sourcecode.swift; path = VisitedRecordViewController.swift; sourceTree = "<group>"; };
		318C44162A8A29D90036582D /* ReviewViewController.swift */ = {isa = PBXFileReference; lastKnownFileType = sourcecode.swift; path = ReviewViewController.swift; sourceTree = "<group>"; };
		318C44182A8A38FA0036582D /* StoredTableViewCell.swift */ = {isa = PBXFileReference; lastKnownFileType = sourcecode.swift; path = StoredTableViewCell.swift; sourceTree = "<group>"; };
		318C441A2A8A738B0036582D /* StoredPopUpViewController.swift */ = {isa = PBXFileReference; lastKnownFileType = sourcecode.swift; path = StoredPopUpViewController.swift; sourceTree = "<group>"; };
		318C441F2A8A795F0036582D /* DeleteBtnDelegate.swift */ = {isa = PBXFileReference; lastKnownFileType = sourcecode.swift; path = DeleteBtnDelegate.swift; sourceTree = "<group>"; };
		318C44212A8A79D80036582D /* ReviewBtnDelegate.swift */ = {isa = PBXFileReference; lastKnownFileType = sourcecode.swift; path = ReviewBtnDelegate.swift; sourceTree = "<group>"; };
		318C44232A8A7DF60036582D /* VisitedPopUpRecordTableViewCell.swift */ = {isa = PBXFileReference; lastKnownFileType = sourcecode.swift; path = VisitedPopUpRecordTableViewCell.swift; sourceTree = "<group>"; };
		318FC3B92A820C5C0051CBEE /* PopUp.app */ = {isa = PBXFileReference; explicitFileType = wrapper.application; includeInIndex = 0; path = PopUp.app; sourceTree = BUILT_PRODUCTS_DIR; };
		318FC3BC2A820C5C0051CBEE /* AppDelegate.swift */ = {isa = PBXFileReference; lastKnownFileType = sourcecode.swift; path = AppDelegate.swift; sourceTree = "<group>"; };
		318FC3BE2A820C5C0051CBEE /* SceneDelegate.swift */ = {isa = PBXFileReference; lastKnownFileType = sourcecode.swift; path = SceneDelegate.swift; sourceTree = "<group>"; };
		318FC3C02A820C5C0051CBEE /* ViewController.swift */ = {isa = PBXFileReference; lastKnownFileType = sourcecode.swift; path = ViewController.swift; sourceTree = "<group>"; };
		318FC3C32A820C5C0051CBEE /* Base */ = {isa = PBXFileReference; lastKnownFileType = file.storyboard; name = Base; path = Base.lproj/Main.storyboard; sourceTree = "<group>"; };
		318FC3C52A820C5D0051CBEE /* Assets.xcassets */ = {isa = PBXFileReference; lastKnownFileType = folder.assetcatalog; path = Assets.xcassets; sourceTree = "<group>"; };
		318FC3C82A820C5D0051CBEE /* Base */ = {isa = PBXFileReference; lastKnownFileType = file.storyboard; name = Base; path = Base.lproj/LaunchScreen.storyboard; sourceTree = "<group>"; };
		318FC3CA2A820C5D0051CBEE /* Info.plist */ = {isa = PBXFileReference; lastKnownFileType = text.plist.xml; path = Info.plist; sourceTree = "<group>"; };
		318FC3CF2A820C5E0051CBEE /* PopUpTests.xctest */ = {isa = PBXFileReference; explicitFileType = wrapper.cfbundle; includeInIndex = 0; path = PopUpTests.xctest; sourceTree = BUILT_PRODUCTS_DIR; };
		318FC3D32A820C5E0051CBEE /* PopUpTests.swift */ = {isa = PBXFileReference; lastKnownFileType = sourcecode.swift; path = PopUpTests.swift; sourceTree = "<group>"; };
		318FC3D92A820C5E0051CBEE /* PopUpUITests.xctest */ = {isa = PBXFileReference; explicitFileType = wrapper.cfbundle; includeInIndex = 0; path = PopUpUITests.xctest; sourceTree = BUILT_PRODUCTS_DIR; };
		318FC3DD2A820C5E0051CBEE /* PopUpUITests.swift */ = {isa = PBXFileReference; lastKnownFileType = sourcecode.swift; path = PopUpUITests.swift; sourceTree = "<group>"; };
		318FC3DF2A820C5E0051CBEE /* PopUpUITestsLaunchTests.swift */ = {isa = PBXFileReference; lastKnownFileType = sourcecode.swift; path = PopUpUITestsLaunchTests.swift; sourceTree = "<group>"; };
		319EDE3F2A8665F9006AD28C /* SearchView.storyboard */ = {isa = PBXFileReference; lastKnownFileType = file.storyboard; path = SearchView.storyboard; sourceTree = "<group>"; };
		31B39E662A8D268C00F6B25E /* StoreSimple.swift */ = {isa = PBXFileReference; lastKnownFileType = sourcecode.swift; path = StoreSimple.swift; sourceTree = "<group>"; };
		31B39E682A8D3F4700F6B25E /* PopUpStoreListViewController.swift */ = {isa = PBXFileReference; lastKnownFileType = sourcecode.swift; path = PopUpStoreListViewController.swift; sourceTree = "<group>"; };
		31B39E6A2A8D3FE400F6B25E /* EntireStoreListTVCell.swift */ = {isa = PBXFileReference; lastKnownFileType = sourcecode.swift; path = EntireStoreListTVCell.swift; sourceTree = "<group>"; };
		31B39E6C2A8D562C00F6B25E /* NextBtnDelegate.swift */ = {isa = PBXFileReference; lastKnownFileType = sourcecode.swift; path = NextBtnDelegate.swift; sourceTree = "<group>"; };
		31DF1A322A87759000CD5A73 /* RankingTableViewCell.swift */ = {isa = PBXFileReference; lastKnownFileType = sourcecode.swift; path = RankingTableViewCell.swift; sourceTree = "<group>"; };
		31DF1A342A8784DA00CD5A73 /* DataSendDelegate.swift */ = {isa = PBXFileReference; lastKnownFileType = sourcecode.swift; name = DataSendDelegate.swift; path = PopUp/HomeView/View/Search/DataSendDelegate.swift; sourceTree = SOURCE_ROOT; };
		31DF1A362A87D98500CD5A73 /* DummyStore.swift */ = {isa = PBXFileReference; lastKnownFileType = sourcecode.swift; name = DummyStore.swift; path = PopUp/HomeView/View/Search/DummyStore.swift; sourceTree = SOURCE_ROOT; };
		31E5C0E42A86681300A9B383 /* SearchViewController.swift */ = {isa = PBXFileReference; lastKnownFileType = sourcecode.swift; path = SearchViewController.swift; sourceTree = "<group>"; };
		31E5C0E62A866B8100A9B383 /* CoreLocation.framework */ = {isa = PBXFileReference; lastKnownFileType = wrapper.framework; name = CoreLocation.framework; path = System/Library/Frameworks/CoreLocation.framework; sourceTree = SDKROOT; };
		31EEB6B32A83351100ABA9CF /* PopUpStoreCVCell.swift */ = {isa = PBXFileReference; lastKnownFileType = sourcecode.swift; path = PopUpStoreCVCell.swift; sourceTree = "<group>"; };
		31EEB6B52A83352F00ABA9CF /* VisitedPieceCVCell.swift */ = {isa = PBXFileReference; lastKnownFileType = sourcecode.swift; path = VisitedPieceCVCell.swift; sourceTree = "<group>"; };
		31EEB6B72A83354100ABA9CF /* StoreListCVCell.swift */ = {isa = PBXFileReference; lastKnownFileType = sourcecode.swift; path = StoreListCVCell.swift; sourceTree = "<group>"; };
		31EEB6B92A83357300ABA9CF /* StoreListTVCell.swift */ = {isa = PBXFileReference; lastKnownFileType = sourcecode.swift; path = StoreListTVCell.swift; sourceTree = "<group>"; };
		31EEB6BB2A83937D00ABA9CF /* CategoryCVCell.swift */ = {isa = PBXFileReference; lastKnownFileType = sourcecode.swift; path = CategoryCVCell.swift; sourceTree = "<group>"; };
		3CDA88CCF5420BC8128C9947 /* Pods-PopUp-PopUpUITests.release.xcconfig */ = {isa = PBXFileReference; includeInIndex = 1; lastKnownFileType = text.xcconfig; name = "Pods-PopUp-PopUpUITests.release.xcconfig"; path = "Target Support Files/Pods-PopUp-PopUpUITests/Pods-PopUp-PopUpUITests.release.xcconfig"; sourceTree = "<group>"; };
		43A943BD75DBC764944CCD76 /* Pods-PopUp-PopUpUITests.debug.xcconfig */ = {isa = PBXFileReference; includeInIndex = 1; lastKnownFileType = text.xcconfig; name = "Pods-PopUp-PopUpUITests.debug.xcconfig"; path = "Target Support Files/Pods-PopUp-PopUpUITests/Pods-PopUp-PopUpUITests.debug.xcconfig"; sourceTree = "<group>"; };
		4FB393E167B8F9250A47B7AE /* Pods-PopUpTests.debug.xcconfig */ = {isa = PBXFileReference; includeInIndex = 1; lastKnownFileType = text.xcconfig; name = "Pods-PopUpTests.debug.xcconfig"; path = "Target Support Files/Pods-PopUpTests/Pods-PopUpTests.debug.xcconfig"; sourceTree = "<group>"; };
		570AA3A97084F5D5D09C7B3A /* Pods-PopUpTests.release.xcconfig */ = {isa = PBXFileReference; includeInIndex = 1; lastKnownFileType = text.xcconfig; name = "Pods-PopUpTests.release.xcconfig"; path = "Target Support Files/Pods-PopUpTests/Pods-PopUpTests.release.xcconfig"; sourceTree = "<group>"; };
		5B0D947A2A89178E00F361C8 /* PieceNavigationController.swift */ = {isa = PBXFileReference; fileEncoding = 4; lastKnownFileType = sourcecode.swift; path = PieceNavigationController.swift; sourceTree = "<group>"; };
		5B0D947B2A89178E00F361C8 /* PieceDetailViewController.swift */ = {isa = PBXFileReference; fileEncoding = 4; lastKnownFileType = sourcecode.swift; path = PieceDetailViewController.swift; sourceTree = "<group>"; };
		5B0D947C2A89178E00F361C8 /* PieceViewController.swift */ = {isa = PBXFileReference; fileEncoding = 4; lastKnownFileType = sourcecode.swift; path = PieceViewController.swift; sourceTree = "<group>"; };
		5B0D947D2A89178E00F361C8 /* PieceViewController2.swift */ = {isa = PBXFileReference; fileEncoding = 4; lastKnownFileType = sourcecode.swift; path = PieceViewController2.swift; sourceTree = "<group>"; };
		5B0D94832A8917E300F361C8 /* PieceCollectionViewCell.swift */ = {isa = PBXFileReference; fileEncoding = 4; lastKnownFileType = sourcecode.swift; name = PieceCollectionViewCell.swift; path = PopUp/HomeView/View/Main/PieceCollectionViewCell.swift; sourceTree = SOURCE_ROOT; };
		5B0D94842A8917E300F361C8 /* PieceTableViewCell.swift */ = {isa = PBXFileReference; fileEncoding = 4; lastKnownFileType = sourcecode.swift; name = PieceTableViewCell.swift; path = PopUp/HomeView/View/Main/PieceTableViewCell.swift; sourceTree = SOURCE_ROOT; };
		5B0D94852A8917E300F361C8 /* PieceDetailTableViewCell.swift */ = {isa = PBXFileReference; fileEncoding = 4; lastKnownFileType = sourcecode.swift; name = PieceDetailTableViewCell.swift; path = PopUp/HomeView/View/Main/PieceDetailTableViewCell.swift; sourceTree = SOURCE_ROOT; };
		5B0D94862A8917E300F361C8 /* PieceViewController.storyboard */ = {isa = PBXFileReference; fileEncoding = 4; lastKnownFileType = file.storyboard; name = PieceViewController.storyboard; path = PopUp/HomeView/View/Main/PieceViewController.storyboard; sourceTree = SOURCE_ROOT; };
		5B3156B62A8B7C3200B69093 /* MakePieceViewController.swift */ = {isa = PBXFileReference; lastKnownFileType = sourcecode.swift; path = MakePieceViewController.swift; sourceTree = "<group>"; };
		5B447A4B2A8A4341009488F1 /* PopupFilterViewController.swift */ = {isa = PBXFileReference; lastKnownFileType = sourcecode.swift; path = PopupFilterViewController.swift; sourceTree = "<group>"; };
		5B447A4E2A8A788C009488F1 /* PieceInfoViewController.storyboard */ = {isa = PBXFileReference; lastKnownFileType = file.storyboard; path = PieceInfoViewController.storyboard; sourceTree = "<group>"; };
		5B447A502A8A789F009488F1 /* PieceInfoViewController.swift */ = {isa = PBXFileReference; lastKnownFileType = sourcecode.swift; path = PieceInfoViewController.swift; sourceTree = "<group>"; };
		5B447A532A8A89DC009488F1 /* PieceInfoTableViewCell.swift */ = {isa = PBXFileReference; lastKnownFileType = sourcecode.swift; path = PieceInfoTableViewCell.swift; sourceTree = "<group>"; };
		5B447A552A8A9A5C009488F1 /* PieceInfoCollectionViewCell.swift */ = {isa = PBXFileReference; lastKnownFileType = sourcecode.swift; path = PieceInfoCollectionViewCell.swift; sourceTree = "<group>"; };
		5B9BF4D62A8B83E400F564CC /* MakePieceTableViewCell.swift */ = {isa = PBXFileReference; lastKnownFileType = sourcecode.swift; path = MakePieceTableViewCell.swift; sourceTree = "<group>"; };
		5B9BF4D82A8B873400F564CC /* MakePiecePictureViewController.swift */ = {isa = PBXFileReference; lastKnownFileType = sourcecode.swift; path = MakePiecePictureViewController.swift; sourceTree = "<group>"; };
		5B9BF4DA2A8BA58500F564CC /* PieceSaveViewController.swift */ = {isa = PBXFileReference; lastKnownFileType = sourcecode.swift; path = PieceSaveViewController.swift; sourceTree = "<group>"; };
		5B9BF4DC2A8BC64D00F564CC /* QRViewController.swift */ = {isa = PBXFileReference; lastKnownFileType = sourcecode.swift; path = QRViewController.swift; sourceTree = "<group>"; };
		5B9BF4DE2A8BC7AD00F564CC /* CustomPresentationController.swift */ = {isa = PBXFileReference; lastKnownFileType = sourcecode.swift; path = CustomPresentationController.swift; sourceTree = "<group>"; };
		5B9BF4E02A8BD0CC00F564CC /* RecommandPopupViewController.swift */ = {isa = PBXFileReference; lastKnownFileType = sourcecode.swift; path = RecommandPopupViewController.swift; sourceTree = "<group>"; };
		5B9BF4E22A8BD2DE00F564CC /* RecommandCollectionViewCell.swift */ = {isa = PBXFileReference; lastKnownFileType = sourcecode.swift; path = RecommandCollectionViewCell.swift; sourceTree = "<group>"; };
		5BAEA4BB2A8C9F8800E2D382 /* APIConstants.swift */ = {isa = PBXFileReference; lastKnownFileType = sourcecode.swift; path = APIConstants.swift; sourceTree = "<group>"; };
		5BAEA4C12A8CBCC000E2D382 /* HomeWeeklyHotResponseModel.swift */ = {isa = PBXFileReference; lastKnownFileType = sourcecode.swift; path = HomeWeeklyHotResponseModel.swift; sourceTree = "<group>"; };
		5BAEA4C32A8CC0F400E2D382 /* HomeAllPopupResponseData.swift */ = {isa = PBXFileReference; lastKnownFileType = sourcecode.swift; path = HomeAllPopupResponseData.swift; sourceTree = "<group>"; };
		5BAEA4C72A8CC2BE00E2D382 /* PopupDetailResponseData.swift */ = {isa = PBXFileReference; lastKnownFileType = sourcecode.swift; path = PopupDetailResponseData.swift; sourceTree = "<group>"; };
		5BAEA4C92A8CC31F00E2D382 /* PopupDetailBookMarkResponseData.swift */ = {isa = PBXFileReference; lastKnownFileType = sourcecode.swift; path = PopupDetailBookMarkResponseData.swift; sourceTree = "<group>"; };
		5BAEA4CC2A8CC4CE00E2D382 /* HomeManager.swift */ = {isa = PBXFileReference; lastKnownFileType = sourcecode.swift; path = HomeManager.swift; sourceTree = "<group>"; };
		5BAEA4D12A8CD71700E2D382 /* PopupDetailManager.swift */ = {isa = PBXFileReference; lastKnownFileType = sourcecode.swift; path = PopupDetailManager.swift; sourceTree = "<group>"; };
		5BAEA4D32A8D16D600E2D382 /* Login2ViewController.swift */ = {isa = PBXFileReference; lastKnownFileType = sourcecode.swift; path = Login2ViewController.swift; sourceTree = "<group>"; };
		5BAEA4D52A8D266000E2D382 /* StoreDetail.swift */ = {isa = PBXFileReference; lastKnownFileType = sourcecode.swift; path = StoreDetail.swift; sourceTree = "<group>"; };
		5BAEA4D72A8D477900E2D382 /* PopupResponseStructure.swift */ = {isa = PBXFileReference; lastKnownFileType = sourcecode.swift; path = PopupResponseStructure.swift; sourceTree = "<group>"; };
		5BAEA4D92A8D47AA00E2D382 /* PopupManager.swift */ = {isa = PBXFileReference; lastKnownFileType = sourcecode.swift; path = PopupManager.swift; sourceTree = "<group>"; };
		5BAEA4DB2A8D547600E2D382 /* PopupDetailResponseStructure.swift */ = {isa = PBXFileReference; lastKnownFileType = sourcecode.swift; path = PopupDetailResponseStructure.swift; sourceTree = "<group>"; };
		5BAEA4DD2A8D5A8D00E2D382 /* MyPopupResponseStructure.swift */ = {isa = PBXFileReference; lastKnownFileType = sourcecode.swift; path = MyPopupResponseStructure.swift; sourceTree = "<group>"; };
		6360D02F942C34D288A76E31 /* Pods-PopUp.release.xcconfig */ = {isa = PBXFileReference; includeInIndex = 1; lastKnownFileType = text.xcconfig; name = "Pods-PopUp.release.xcconfig"; path = "Target Support Files/Pods-PopUp/Pods-PopUp.release.xcconfig"; sourceTree = "<group>"; };
		7A25E2221F7FCFFF7D7DBC73 /* Pods_PopUpTests.framework */ = {isa = PBXFileReference; explicitFileType = wrapper.framework; includeInIndex = 0; path = Pods_PopUpTests.framework; sourceTree = BUILT_PRODUCTS_DIR; };
		C8259B5120241622544272A9 /* Pods_PopUp.framework */ = {isa = PBXFileReference; explicitFileType = wrapper.framework; includeInIndex = 0; path = Pods_PopUp.framework; sourceTree = BUILT_PRODUCTS_DIR; };
		F5E0D0D323BF2489BB9ACE45 /* Pods-PopUp.debug.xcconfig */ = {isa = PBXFileReference; includeInIndex = 1; lastKnownFileType = text.xcconfig; name = "Pods-PopUp.debug.xcconfig"; path = "Target Support Files/Pods-PopUp/Pods-PopUp.debug.xcconfig"; sourceTree = "<group>"; };
/* End PBXFileReference section */

/* Begin PBXFrameworksBuildPhase section */
		318FC3B62A820C5C0051CBEE /* Frameworks */ = {
			isa = PBXFrameworksBuildPhase;
			buildActionMask = 2147483647;
			files = (
				31E5C0E72A866B8100A9B383 /* CoreLocation.framework in Frameworks */,
				D7ED2EDD3063295B59E2BF43 /* Pods_PopUp.framework in Frameworks */,
			);
			runOnlyForDeploymentPostprocessing = 0;
		};
		318FC3CC2A820C5E0051CBEE /* Frameworks */ = {
			isa = PBXFrameworksBuildPhase;
			buildActionMask = 2147483647;
			files = (
				EAF258F42A52E53FBA5CE3C8 /* Pods_PopUpTests.framework in Frameworks */,
			);
			runOnlyForDeploymentPostprocessing = 0;
		};
		318FC3D62A820C5E0051CBEE /* Frameworks */ = {
			isa = PBXFrameworksBuildPhase;
			buildActionMask = 2147483647;
			files = (
				DC23FB5AB0C41933D6451B1F /* Pods_PopUp_PopUpUITests.framework in Frameworks */,
			);
			runOnlyForDeploymentPostprocessing = 0;
		};
/* End PBXFrameworksBuildPhase section */

/* Begin PBXGroup section */
		311189722A8BDA6700C27E3E /* Login */ = {
			isa = PBXGroup;
			children = (
				311189732A8BDAAB00C27E3E /* AfterLoginViewController.swift */,
				311189752A8BDAC700C27E3E /* LoginViewController.swift */,
				313B68C52A8CA27A007D70B7 /* KakaoWebViewViewController.swift */,
				5BAEA4D32A8D16D600E2D382 /* Login2ViewController.swift */,
			);
			path = Login;
			sourceTree = "<group>";
		};
		311325E32A87257F006F3140 /* Search */ = {
			isa = PBXGroup;
			children = (
				31E5C0E42A86681300A9B383 /* SearchViewController.swift */,
				311325E42A8728DB006F3140 /* FilterViewController.swift */,
				311325E62A8728EC006F3140 /* SearchDetailViewController.swift */,
				31113F8D2A8939D700A82CCD /* StoreInfoViewController.swift */,
			);
			path = Search;
			sourceTree = "<group>";
		};
		313B68CA2A8CA635007D70B7 /* ParsingData */ = {
			isa = PBXGroup;
			children = (
				313B68C82A8CA612007D70B7 /* UserInfoData.swift */,
				3185E6A82A8D085C00716F17 /* StoreInfo.swift */,
				5BAEA4D52A8D266000E2D382 /* StoreDetail.swift */,
				31B39E662A8D268C00F6B25E /* StoreSimple.swift */,
			);
			path = ParsingData;
			sourceTree = "<group>";
		};
		318C440C2A8A28860036582D /* MyPage */ = {
			isa = PBXGroup;
			children = (
				318C44102A8A29460036582D /* MyPageViewController.swift */,
				318C441A2A8A738B0036582D /* StoredPopUpViewController.swift */,
				318C44142A8A29CB0036582D /* VisitedRecordViewController.swift */,
				318C44162A8A29D90036582D /* ReviewViewController.swift */,
			);
			path = MyPage;
			sourceTree = "<group>";
		};
		318C440D2A8A28930036582D /* MyPage */ = {
			isa = PBXGroup;
			children = (
				318C440E2A8A28A60036582D /* MyPage.storyboard */,
				318C44182A8A38FA0036582D /* StoredTableViewCell.swift */,
				318C44232A8A7DF60036582D /* VisitedPopUpRecordTableViewCell.swift */,
			);
			path = MyPage;
			sourceTree = "<group>";
		};
		318C441C2A8A79360036582D /* MyPage */ = {
			isa = PBXGroup;
			children = (
				318C441F2A8A795F0036582D /* DeleteBtnDelegate.swift */,
				318C44212A8A79D80036582D /* ReviewBtnDelegate.swift */,
			);
			path = MyPage;
			sourceTree = "<group>";
		};
		318FC3B02A820C5C0051CBEE = {
			isa = PBXGroup;
			children = (
				318FC3BB2A820C5C0051CBEE /* PopUp */,
				318FC3D22A820C5E0051CBEE /* PopUpTests */,
				318FC3DC2A820C5E0051CBEE /* PopUpUITests */,
				318FC3BA2A820C5C0051CBEE /* Products */,
				318FC3EC2A8210CF0051CBEE /* Frameworks */,
				39E3786338FAE6FC673C8024 /* Pods */,
			);
			sourceTree = "<group>";
		};
		318FC3BA2A820C5C0051CBEE /* Products */ = {
			isa = PBXGroup;
			children = (
				318FC3B92A820C5C0051CBEE /* PopUp.app */,
				318FC3CF2A820C5E0051CBEE /* PopUpTests.xctest */,
				318FC3D92A820C5E0051CBEE /* PopUpUITests.xctest */,
			);
			name = Products;
			sourceTree = "<group>";
		};
		318FC3BB2A820C5C0051CBEE /* PopUp */ = {
			isa = PBXGroup;
			children = (
				318FC3CA2A820C5D0051CBEE /* Info.plist */,
				318FC3BC2A820C5C0051CBEE /* AppDelegate.swift */,
				318FC3BE2A820C5C0051CBEE /* SceneDelegate.swift */,
				318FC3C72A820C5D0051CBEE /* LaunchScreen.storyboard */,
				318FC3C52A820C5D0051CBEE /* Assets.xcassets */,
				318FC6712A8241050051CBEE /* HomeView */,
			);
			path = PopUp;
			sourceTree = "<group>";
		};
		318FC3D22A820C5E0051CBEE /* PopUpTests */ = {
			isa = PBXGroup;
			children = (
				318FC3D32A820C5E0051CBEE /* PopUpTests.swift */,
			);
			path = PopUpTests;
			sourceTree = "<group>";
		};
		318FC3DC2A820C5E0051CBEE /* PopUpUITests */ = {
			isa = PBXGroup;
			children = (
				318FC3DD2A820C5E0051CBEE /* PopUpUITests.swift */,
				318FC3DF2A820C5E0051CBEE /* PopUpUITestsLaunchTests.swift */,
			);
			path = PopUpUITests;
			sourceTree = "<group>";
		};
		318FC3EC2A8210CF0051CBEE /* Frameworks */ = {
			isa = PBXGroup;
			children = (
				31E5C0E62A866B8100A9B383 /* CoreLocation.framework */,
				C8259B5120241622544272A9 /* Pods_PopUp.framework */,
				14CE07B182A8FFD143C621B3 /* Pods_PopUp_PopUpUITests.framework */,
				7A25E2221F7FCFFF7D7DBC73 /* Pods_PopUpTests.framework */,
			);
			name = Frameworks;
			sourceTree = "<group>";
		};
		318FC6712A8241050051CBEE /* HomeView */ = {
			isa = PBXGroup;
			children = (
				31EEB6B22A8334C200ABA9CF /* Controller */,
				31EEB6B12A8334BB00ABA9CF /* Model */,
				31EEB6B02A8334B100ABA9CF /* View */,
			);
			path = HomeView;
			sourceTree = "<group>";
		};
		31DF1A302A87756200CD5A73 /* Main */ = {
			isa = PBXGroup;
			children = (
				318FC3C22A820C5C0051CBEE /* Main.storyboard */,
				31EEB6B32A83351100ABA9CF /* PopUpStoreCVCell.swift */,
				31B39E6A2A8D3FE400F6B25E /* EntireStoreListTVCell.swift */,
				31EEB6B52A83352F00ABA9CF /* VisitedPieceCVCell.swift */,
				31EEB6BB2A83937D00ABA9CF /* CategoryCVCell.swift */,
				31EEB6B72A83354100ABA9CF /* StoreListCVCell.swift */,
				3111896C2A8BD24F00C27E3E /* NotificationTableViewCell.swift */,
				31EEB6B92A83357300ABA9CF /* StoreListTVCell.swift */,
			);
			path = Main;
			sourceTree = "<group>";
		};
		31DF1A312A87756D00CD5A73 /* Search */ = {
			isa = PBXGroup;
			children = (
				319EDE3F2A8665F9006AD28C /* SearchView.storyboard */,
				31DF1A322A87759000CD5A73 /* RankingTableViewCell.swift */,
			);
			path = Search;
			sourceTree = "<group>";
		};
		31EEB6B02A8334B100ABA9CF /* View */ = {
			isa = PBXGroup;
			children = (
				31F3A8D82A8BB12700166270 /* LoginView */,
				5B447A4D2A8A7855009488F1 /* PieceInfo */,
				318C440D2A8A28930036582D /* MyPage */,
				5B0D94822A8917CD00F361C8 /* PieceView */,
				31DF1A312A87756D00CD5A73 /* Search */,
				31DF1A302A87756200CD5A73 /* Main */,
			);
			path = View;
			sourceTree = "<group>";
		};
		31EEB6B12A8334BB00ABA9CF /* Model */ = {
			isa = PBXGroup;
			children = (
				5BAEA4CB2A8CC4BA00E2D382 /* Manager */,
				5BAEA4C62A8CC28200E2D382 /* PopupDetail */,
				5BAEA4C52A8CC16400E2D382 /* Home */,
				5BAEA4BA2A8C9F6A00E2D382 /* NetWork */,
				313B68CA2A8CA635007D70B7 /* ParsingData */,
				318C441C2A8A79360036582D /* MyPage */,
				31DF1A342A8784DA00CD5A73 /* DataSendDelegate.swift */,
				31DF1A362A87D98500CD5A73 /* DummyStore.swift */,
				5BAEA4D72A8D477900E2D382 /* PopupResponseStructure.swift */,
				5BAEA4DB2A8D547600E2D382 /* PopupDetailResponseStructure.swift */,
				5BAEA4DD2A8D5A8D00E2D382 /* MyPopupResponseStructure.swift */,
				31B39E6C2A8D562C00F6B25E /* NextBtnDelegate.swift */,

			);
			path = Model;
			sourceTree = "<group>";
		};
		31EEB6B22A8334C200ABA9CF /* Controller */ = {
			isa = PBXGroup;
			children = (
				311189722A8BDA6700C27E3E /* Login */,
				5B447A522A8A78B0009488F1 /* PieceInfo */,
				5B447A4A2A8A4308009488F1 /* Main */,
				318C440C2A8A28860036582D /* MyPage */,
				5B0D94792A89177300F361C8 /* Piece */,
				311325E32A87257F006F3140 /* Search */,
			);
			path = Controller;
			sourceTree = "<group>";
		};
		31F3A8D82A8BB12700166270 /* LoginView */ = {
			isa = PBXGroup;
			children = (
				311189682A8BCCF700C27E3E /* LoginView.storyboard */,
			);
			path = LoginView;
			sourceTree = "<group>";
		};
		39E3786338FAE6FC673C8024 /* Pods */ = {
			isa = PBXGroup;
			children = (
				F5E0D0D323BF2489BB9ACE45 /* Pods-PopUp.debug.xcconfig */,
				6360D02F942C34D288A76E31 /* Pods-PopUp.release.xcconfig */,
				43A943BD75DBC764944CCD76 /* Pods-PopUp-PopUpUITests.debug.xcconfig */,
				3CDA88CCF5420BC8128C9947 /* Pods-PopUp-PopUpUITests.release.xcconfig */,
				4FB393E167B8F9250A47B7AE /* Pods-PopUpTests.debug.xcconfig */,
				570AA3A97084F5D5D09C7B3A /* Pods-PopUpTests.release.xcconfig */,
			);
			path = Pods;
			sourceTree = "<group>";
		};
		5B0D94792A89177300F361C8 /* Piece */ = {
			isa = PBXGroup;
			children = (
				5B0D947B2A89178E00F361C8 /* PieceDetailViewController.swift */,
				5B0D947A2A89178E00F361C8 /* PieceNavigationController.swift */,
				5B0D947C2A89178E00F361C8 /* PieceViewController.swift */,
				5B0D947D2A89178E00F361C8 /* PieceViewController2.swift */,
				5B3156B62A8B7C3200B69093 /* MakePieceViewController.swift */,
				5B9BF4D82A8B873400F564CC /* MakePiecePictureViewController.swift */,
				5B9BF4DA2A8BA58500F564CC /* PieceSaveViewController.swift */,
			);
			path = Piece;
			sourceTree = "<group>";
		};
		5B0D94822A8917CD00F361C8 /* PieceView */ = {
			isa = PBXGroup;
			children = (
				5B0D94832A8917E300F361C8 /* PieceCollectionViewCell.swift */,
				5B0D94852A8917E300F361C8 /* PieceDetailTableViewCell.swift */,
				5B0D94842A8917E300F361C8 /* PieceTableViewCell.swift */,
				5B0D94862A8917E300F361C8 /* PieceViewController.storyboard */,
				5B9BF4D62A8B83E400F564CC /* MakePieceTableViewCell.swift */,
			);
			path = PieceView;
			sourceTree = "<group>";
		};
		5B447A4A2A8A4308009488F1 /* Main */ = {
			isa = PBXGroup;
			children = (
				318FC3C02A820C5C0051CBEE /* ViewController.swift */,
				311168662A8CC45400D68AEE /* VerifyViewController.swift */,
				3111896A2A8BD1A700C27E3E /* NotificationViewController.swift */,
				5B447A4B2A8A4341009488F1 /* PopupFilterViewController.swift */,
				5B9BF4DC2A8BC64D00F564CC /* QRViewController.swift */,
				5B9BF4DE2A8BC7AD00F564CC /* CustomPresentationController.swift */,
				5B9BF4E02A8BD0CC00F564CC /* RecommandPopupViewController.swift */,
				5B9BF4E22A8BD2DE00F564CC /* RecommandCollectionViewCell.swift */,
				31B39E682A8D3F4700F6B25E /* PopUpStoreListViewController.swift */,
			);
			path = Main;
			sourceTree = "<group>";
		};
		5B447A4D2A8A7855009488F1 /* PieceInfo */ = {
			isa = PBXGroup;
			children = (
				5B447A4E2A8A788C009488F1 /* PieceInfoViewController.storyboard */,
				5B447A532A8A89DC009488F1 /* PieceInfoTableViewCell.swift */,
				5B447A552A8A9A5C009488F1 /* PieceInfoCollectionViewCell.swift */,
			);
			path = PieceInfo;
			sourceTree = "<group>";
		};
		5B447A522A8A78B0009488F1 /* PieceInfo */ = {
			isa = PBXGroup;
			children = (
				5B447A502A8A789F009488F1 /* PieceInfoViewController.swift */,
			);
			path = PieceInfo;
			sourceTree = "<group>";
		};
		5BAEA4BA2A8C9F6A00E2D382 /* NetWork */ = {
			isa = PBXGroup;
			children = (
				5BAEA4BB2A8C9F8800E2D382 /* APIConstants.swift */,
			);
			path = NetWork;
			sourceTree = "<group>";
		};
		5BAEA4C52A8CC16400E2D382 /* Home */ = {
			isa = PBXGroup;
			children = (
				5BAEA4C12A8CBCC000E2D382 /* HomeWeeklyHotResponseModel.swift */,
				5BAEA4C32A8CC0F400E2D382 /* HomeAllPopupResponseData.swift */,
			);
			path = Home;
			sourceTree = "<group>";
		};
		5BAEA4C62A8CC28200E2D382 /* PopupDetail */ = {
			isa = PBXGroup;
			children = (
				5BAEA4C72A8CC2BE00E2D382 /* PopupDetailResponseData.swift */,
				5BAEA4C92A8CC31F00E2D382 /* PopupDetailBookMarkResponseData.swift */,
			);
			path = PopupDetail;
			sourceTree = "<group>";
		};
		5BAEA4CB2A8CC4BA00E2D382 /* Manager */ = {
			isa = PBXGroup;
			children = (
				5BAEA4CC2A8CC4CE00E2D382 /* HomeManager.swift */,
				5BAEA4D12A8CD71700E2D382 /* PopupDetailManager.swift */,
				5BAEA4D92A8D47AA00E2D382 /* PopupManager.swift */,
			);
			path = Manager;
			sourceTree = "<group>";
		};
/* End PBXGroup section */

/* Begin PBXNativeTarget section */
		318FC3B82A820C5C0051CBEE /* PopUp */ = {
			isa = PBXNativeTarget;
			buildConfigurationList = 318FC3E32A820C5E0051CBEE /* Build configuration list for PBXNativeTarget "PopUp" */;
			buildPhases = (
				CA4D9DF6C568EA6CDC1FB1FF /* [CP] Check Pods Manifest.lock */,
				318FC3B52A820C5C0051CBEE /* Sources */,
				318FC3B62A820C5C0051CBEE /* Frameworks */,
				318FC3B72A820C5C0051CBEE /* Resources */,
				D9950E9E9671C0C994500A27 /* [CP] Embed Pods Frameworks */,
			);
			buildRules = (
			);
			dependencies = (
			);
			name = PopUp;
			productName = PopUp;
			productReference = 318FC3B92A820C5C0051CBEE /* PopUp.app */;
			productType = "com.apple.product-type.application";
		};
		318FC3CE2A820C5E0051CBEE /* PopUpTests */ = {
			isa = PBXNativeTarget;
			buildConfigurationList = 318FC3E62A820C5E0051CBEE /* Build configuration list for PBXNativeTarget "PopUpTests" */;
			buildPhases = (
				F15D98695D5804693934DE2E /* [CP] Check Pods Manifest.lock */,
				318FC3CB2A820C5E0051CBEE /* Sources */,
				318FC3CC2A820C5E0051CBEE /* Frameworks */,
				318FC3CD2A820C5E0051CBEE /* Resources */,
			);
			buildRules = (
			);
			dependencies = (
				318FC3D12A820C5E0051CBEE /* PBXTargetDependency */,
			);
			name = PopUpTests;
			productName = PopUpTests;
			productReference = 318FC3CF2A820C5E0051CBEE /* PopUpTests.xctest */;
			productType = "com.apple.product-type.bundle.unit-test";
		};
		318FC3D82A820C5E0051CBEE /* PopUpUITests */ = {
			isa = PBXNativeTarget;
			buildConfigurationList = 318FC3E92A820C5E0051CBEE /* Build configuration list for PBXNativeTarget "PopUpUITests" */;
			buildPhases = (
				5E8BFFD082AC7C6DBCF031E7 /* [CP] Check Pods Manifest.lock */,
				318FC3D52A820C5E0051CBEE /* Sources */,
				318FC3D62A820C5E0051CBEE /* Frameworks */,
				318FC3D72A820C5E0051CBEE /* Resources */,
				99B395D5ED97E495CC188F85 /* [CP] Embed Pods Frameworks */,
			);
			buildRules = (
			);
			dependencies = (
				318FC3DB2A820C5E0051CBEE /* PBXTargetDependency */,
			);
			name = PopUpUITests;
			productName = PopUpUITests;
			productReference = 318FC3D92A820C5E0051CBEE /* PopUpUITests.xctest */;
			productType = "com.apple.product-type.bundle.ui-testing";
		};
/* End PBXNativeTarget section */

/* Begin PBXProject section */
		318FC3B12A820C5C0051CBEE /* Project object */ = {
			isa = PBXProject;
			attributes = {
				BuildIndependentTargetsInParallel = 1;
				LastSwiftUpdateCheck = 1430;
				LastUpgradeCheck = 1430;
				TargetAttributes = {
					318FC3B82A820C5C0051CBEE = {
						CreatedOnToolsVersion = 14.3.1;
					};
					318FC3CE2A820C5E0051CBEE = {
						CreatedOnToolsVersion = 14.3.1;
						TestTargetID = 318FC3B82A820C5C0051CBEE;
					};
					318FC3D82A820C5E0051CBEE = {
						CreatedOnToolsVersion = 14.3.1;
						TestTargetID = 318FC3B82A820C5C0051CBEE;
					};
				};
			};
			buildConfigurationList = 318FC3B42A820C5C0051CBEE /* Build configuration list for PBXProject "PopUp" */;
			compatibilityVersion = "Xcode 14.0";
			developmentRegion = en;
			hasScannedForEncodings = 0;
			knownRegions = (
				en,
				Base,
			);
			mainGroup = 318FC3B02A820C5C0051CBEE;
			productRefGroup = 318FC3BA2A820C5C0051CBEE /* Products */;
			projectDirPath = "";
			projectRoot = "";
			targets = (
				318FC3B82A820C5C0051CBEE /* PopUp */,
				318FC3CE2A820C5E0051CBEE /* PopUpTests */,
				318FC3D82A820C5E0051CBEE /* PopUpUITests */,
			);
		};
/* End PBXProject section */

/* Begin PBXResourcesBuildPhase section */
		318FC3B72A820C5C0051CBEE /* Resources */ = {
			isa = PBXResourcesBuildPhase;
			buildActionMask = 2147483647;
			files = (
				318FC3C92A820C5D0051CBEE /* LaunchScreen.storyboard in Resources */,
				318C440F2A8A28A60036582D /* MyPage.storyboard in Resources */,
				319EDE402A8665F9006AD28C /* SearchView.storyboard in Resources */,
				5B0D948A2A8917E300F361C8 /* PieceViewController.storyboard in Resources */,
				318FC3C62A820C5D0051CBEE /* Assets.xcassets in Resources */,
				318FC3C42A820C5C0051CBEE /* Main.storyboard in Resources */,
				5B447A4F2A8A788C009488F1 /* PieceInfoViewController.storyboard in Resources */,
				311189692A8BCCF700C27E3E /* LoginView.storyboard in Resources */,
			);
			runOnlyForDeploymentPostprocessing = 0;
		};
		318FC3CD2A820C5E0051CBEE /* Resources */ = {
			isa = PBXResourcesBuildPhase;
			buildActionMask = 2147483647;
			files = (
			);
			runOnlyForDeploymentPostprocessing = 0;
		};
		318FC3D72A820C5E0051CBEE /* Resources */ = {
			isa = PBXResourcesBuildPhase;
			buildActionMask = 2147483647;
			files = (
			);
			runOnlyForDeploymentPostprocessing = 0;
		};
/* End PBXResourcesBuildPhase section */

/* Begin PBXShellScriptBuildPhase section */
		5E8BFFD082AC7C6DBCF031E7 /* [CP] Check Pods Manifest.lock */ = {
			isa = PBXShellScriptBuildPhase;
			buildActionMask = 2147483647;
			files = (
			);
			inputFileListPaths = (
			);
			inputPaths = (
				"${PODS_PODFILE_DIR_PATH}/Podfile.lock",
				"${PODS_ROOT}/Manifest.lock",
			);
			name = "[CP] Check Pods Manifest.lock";
			outputFileListPaths = (
			);
			outputPaths = (
				"$(DERIVED_FILE_DIR)/Pods-PopUp-PopUpUITests-checkManifestLockResult.txt",
			);
			runOnlyForDeploymentPostprocessing = 0;
			shellPath = /bin/sh;
			shellScript = "diff \"${PODS_PODFILE_DIR_PATH}/Podfile.lock\" \"${PODS_ROOT}/Manifest.lock\" > /dev/null\nif [ $? != 0 ] ; then\n    # print error to STDERR\n    echo \"error: The sandbox is not in sync with the Podfile.lock. Run 'pod install' or update your CocoaPods installation.\" >&2\n    exit 1\nfi\n# This output is used by Xcode 'outputs' to avoid re-running this script phase.\necho \"SUCCESS\" > \"${SCRIPT_OUTPUT_FILE_0}\"\n";
			showEnvVarsInLog = 0;
		};
		99B395D5ED97E495CC188F85 /* [CP] Embed Pods Frameworks */ = {
			isa = PBXShellScriptBuildPhase;
			buildActionMask = 2147483647;
			files = (
			);
			inputFileListPaths = (
				"${PODS_ROOT}/Target Support Files/Pods-PopUp-PopUpUITests/Pods-PopUp-PopUpUITests-frameworks-${CONFIGURATION}-input-files.xcfilelist",
			);
			name = "[CP] Embed Pods Frameworks";
			outputFileListPaths = (
				"${PODS_ROOT}/Target Support Files/Pods-PopUp-PopUpUITests/Pods-PopUp-PopUpUITests-frameworks-${CONFIGURATION}-output-files.xcfilelist",
			);
			runOnlyForDeploymentPostprocessing = 0;
			shellPath = /bin/sh;
			shellScript = "\"${PODS_ROOT}/Target Support Files/Pods-PopUp-PopUpUITests/Pods-PopUp-PopUpUITests-frameworks.sh\"\n";
			showEnvVarsInLog = 0;
		};
		CA4D9DF6C568EA6CDC1FB1FF /* [CP] Check Pods Manifest.lock */ = {
			isa = PBXShellScriptBuildPhase;
			buildActionMask = 2147483647;
			files = (
			);
			inputFileListPaths = (
			);
			inputPaths = (
				"${PODS_PODFILE_DIR_PATH}/Podfile.lock",
				"${PODS_ROOT}/Manifest.lock",
			);
			name = "[CP] Check Pods Manifest.lock";
			outputFileListPaths = (
			);
			outputPaths = (
				"$(DERIVED_FILE_DIR)/Pods-PopUp-checkManifestLockResult.txt",
			);
			runOnlyForDeploymentPostprocessing = 0;
			shellPath = /bin/sh;
			shellScript = "diff \"${PODS_PODFILE_DIR_PATH}/Podfile.lock\" \"${PODS_ROOT}/Manifest.lock\" > /dev/null\nif [ $? != 0 ] ; then\n    # print error to STDERR\n    echo \"error: The sandbox is not in sync with the Podfile.lock. Run 'pod install' or update your CocoaPods installation.\" >&2\n    exit 1\nfi\n# This output is used by Xcode 'outputs' to avoid re-running this script phase.\necho \"SUCCESS\" > \"${SCRIPT_OUTPUT_FILE_0}\"\n";
			showEnvVarsInLog = 0;
		};
		D9950E9E9671C0C994500A27 /* [CP] Embed Pods Frameworks */ = {
			isa = PBXShellScriptBuildPhase;
			buildActionMask = 2147483647;
			files = (
			);
			inputFileListPaths = (
				"${PODS_ROOT}/Target Support Files/Pods-PopUp/Pods-PopUp-frameworks-${CONFIGURATION}-input-files.xcfilelist",
			);
			name = "[CP] Embed Pods Frameworks";
			outputFileListPaths = (
				"${PODS_ROOT}/Target Support Files/Pods-PopUp/Pods-PopUp-frameworks-${CONFIGURATION}-output-files.xcfilelist",
			);
			runOnlyForDeploymentPostprocessing = 0;
			shellPath = /bin/sh;
			shellScript = "\"${PODS_ROOT}/Target Support Files/Pods-PopUp/Pods-PopUp-frameworks.sh\"\n";
			showEnvVarsInLog = 0;
		};
		F15D98695D5804693934DE2E /* [CP] Check Pods Manifest.lock */ = {
			isa = PBXShellScriptBuildPhase;
			buildActionMask = 2147483647;
			files = (
			);
			inputFileListPaths = (
			);
			inputPaths = (
				"${PODS_PODFILE_DIR_PATH}/Podfile.lock",
				"${PODS_ROOT}/Manifest.lock",
			);
			name = "[CP] Check Pods Manifest.lock";
			outputFileListPaths = (
			);
			outputPaths = (
				"$(DERIVED_FILE_DIR)/Pods-PopUpTests-checkManifestLockResult.txt",
			);
			runOnlyForDeploymentPostprocessing = 0;
			shellPath = /bin/sh;
			shellScript = "diff \"${PODS_PODFILE_DIR_PATH}/Podfile.lock\" \"${PODS_ROOT}/Manifest.lock\" > /dev/null\nif [ $? != 0 ] ; then\n    # print error to STDERR\n    echo \"error: The sandbox is not in sync with the Podfile.lock. Run 'pod install' or update your CocoaPods installation.\" >&2\n    exit 1\nfi\n# This output is used by Xcode 'outputs' to avoid re-running this script phase.\necho \"SUCCESS\" > \"${SCRIPT_OUTPUT_FILE_0}\"\n";
			showEnvVarsInLog = 0;
		};
/* End PBXShellScriptBuildPhase section */

/* Begin PBXSourcesBuildPhase section */
		318FC3B52A820C5C0051CBEE /* Sources */ = {
			isa = PBXSourcesBuildPhase;
			buildActionMask = 2147483647;
			files = (
				318C44222A8A79D80036582D /* ReviewBtnDelegate.swift in Sources */,
				5BAEA4DA2A8D47AA00E2D382 /* PopupManager.swift in Sources */,
				5B9BF4D72A8B83E400F564CC /* MakePieceTableViewCell.swift in Sources */,
				31DF1A372A87D98500CD5A73 /* DummyStore.swift in Sources */,
				3185E6A92A8D085C00716F17 /* StoreInfo.swift in Sources */,
				318FC3C12A820C5C0051CBEE /* ViewController.swift in Sources */,
				5B9BF4DB2A8BA58500F564CC /* PieceSaveViewController.swift in Sources */,
				5BAEA4C42A8CC0F400E2D382 /* HomeAllPopupResponseData.swift in Sources */,
				5BAEA4D82A8D477900E2D382 /* PopupResponseStructure.swift in Sources */,
				318C44172A8A29D90036582D /* ReviewViewController.swift in Sources */,
				5BAEA4DE2A8D5A8D00E2D382 /* MyPopupResponseStructure.swift in Sources */,
				31EEB6B62A83352F00ABA9CF /* VisitedPieceCVCell.swift in Sources */,
				31DF1A332A87759000CD5A73 /* RankingTableViewCell.swift in Sources */,
				3111896D2A8BD24F00C27E3E /* NotificationTableViewCell.swift in Sources */,
				31B39E672A8D268C00F6B25E /* StoreSimple.swift in Sources */,
				5BAEA4CA2A8CC31F00E2D382 /* PopupDetailBookMarkResponseData.swift in Sources */,
				5B9BF4DF2A8BC7AD00F564CC /* CustomPresentationController.swift in Sources */,
				5BAEA4D22A8CD71700E2D382 /* PopupDetailManager.swift in Sources */,
				5B3156B72A8B7C3200B69093 /* MakePieceViewController.swift in Sources */,
				5B0D94812A89178E00F361C8 /* PieceViewController2.swift in Sources */,
				31EEB6BA2A83357300ABA9CF /* StoreListTVCell.swift in Sources */,
				5BAEA4C82A8CC2BE00E2D382 /* PopupDetailResponseData.swift in Sources */,
				5B0D94892A8917E300F361C8 /* PieceDetailTableViewCell.swift in Sources */,
				5B447A512A8A789F009488F1 /* PieceInfoViewController.swift in Sources */,
				5BAEA4DC2A8D547600E2D382 /* PopupDetailResponseStructure.swift in Sources */,
				311189742A8BDAAB00C27E3E /* AfterLoginViewController.swift in Sources */,
				5BAEA4BC2A8C9F8800E2D382 /* APIConstants.swift in Sources */,
				5B447A542A8A89DC009488F1 /* PieceInfoTableViewCell.swift in Sources */,
				313B68C62A8CA27A007D70B7 /* KakaoWebViewViewController.swift in Sources */,
				5B447A562A8A9A5C009488F1 /* PieceInfoCollectionViewCell.swift in Sources */,
				31B39E6B2A8D3FE400F6B25E /* EntireStoreListTVCell.swift in Sources */,
				311325E72A8728EC006F3140 /* SearchDetailViewController.swift in Sources */,
				31E5C0E52A86681300A9B383 /* SearchViewController.swift in Sources */,
				31DF1A352A8784DA00CD5A73 /* DataSendDelegate.swift in Sources */,
				5B9BF4E32A8BD2DE00F564CC /* RecommandCollectionViewCell.swift in Sources */,
				311325E52A8728DB006F3140 /* FilterViewController.swift in Sources */,
				318C44202A8A795F0036582D /* DeleteBtnDelegate.swift in Sources */,
				5B447A4C2A8A4341009488F1 /* PopupFilterViewController.swift in Sources */,
				31EEB6B82A83354100ABA9CF /* StoreListCVCell.swift in Sources */,
				311168672A8CC45400D68AEE /* VerifyViewController.swift in Sources */,
				311189762A8BDAC700C27E3E /* LoginViewController.swift in Sources */,
				5B9BF4D92A8B873400F564CC /* MakePiecePictureViewController.swift in Sources */,
				5B9BF4DD2A8BC64D00F564CC /* QRViewController.swift in Sources */,
				5B0D94802A89178E00F361C8 /* PieceViewController.swift in Sources */,
				3111896B2A8BD1A700C27E3E /* NotificationViewController.swift in Sources */,
				5BAEA4C22A8CBCC000E2D382 /* HomeWeeklyHotResponseModel.swift in Sources */,
				318C44112A8A29460036582D /* MyPageViewController.swift in Sources */,
				5B9BF4E12A8BD0CC00F564CC /* RecommandPopupViewController.swift in Sources */,
				313B68C92A8CA612007D70B7 /* UserInfoData.swift in Sources */,
				5BAEA4D42A8D16D600E2D382 /* Login2ViewController.swift in Sources */,
				5B0D94872A8917E300F361C8 /* PieceCollectionViewCell.swift in Sources */,
				318C44242A8A7DF60036582D /* VisitedPopUpRecordTableViewCell.swift in Sources */,
				318FC3BD2A820C5C0051CBEE /* AppDelegate.swift in Sources */,
				5B0D94882A8917E300F361C8 /* PieceTableViewCell.swift in Sources */,
				318FC3BF2A820C5C0051CBEE /* SceneDelegate.swift in Sources */,
				31EEB6BC2A83937D00ABA9CF /* CategoryCVCell.swift in Sources */,
				5BAEA4CD2A8CC4CE00E2D382 /* HomeManager.swift in Sources */,
				318C44152A8A29CB0036582D /* VisitedRecordViewController.swift in Sources */,
				31B39E692A8D3F4700F6B25E /* PopUpStoreListViewController.swift in Sources */,
				318C44192A8A38FA0036582D /* StoredTableViewCell.swift in Sources */,
				5B0D947E2A89178E00F361C8 /* PieceNavigationController.swift in Sources */,
				5BAEA4D62A8D266000E2D382 /* StoreDetail.swift in Sources */,
				31EEB6B42A83351100ABA9CF /* PopUpStoreCVCell.swift in Sources */,
				318C441B2A8A738B0036582D /* StoredPopUpViewController.swift in Sources */,
				31113F8E2A8939D700A82CCD /* StoreInfoViewController.swift in Sources */,
				31B39E6D2A8D562C00F6B25E /* NextBtnDelegate.swift in Sources */,
				5B0D947F2A89178E00F361C8 /* PieceDetailViewController.swift in Sources */,
			);
			runOnlyForDeploymentPostprocessing = 0;
		};
		318FC3CB2A820C5E0051CBEE /* Sources */ = {
			isa = PBXSourcesBuildPhase;
			buildActionMask = 2147483647;
			files = (
				318FC3D42A820C5E0051CBEE /* PopUpTests.swift in Sources */,
			);
			runOnlyForDeploymentPostprocessing = 0;
		};
		318FC3D52A820C5E0051CBEE /* Sources */ = {
			isa = PBXSourcesBuildPhase;
			buildActionMask = 2147483647;
			files = (
				318FC3DE2A820C5E0051CBEE /* PopUpUITests.swift in Sources */,
				318FC3E02A820C5E0051CBEE /* PopUpUITestsLaunchTests.swift in Sources */,
			);
			runOnlyForDeploymentPostprocessing = 0;
		};
/* End PBXSourcesBuildPhase section */

/* Begin PBXTargetDependency section */
		318FC3D12A820C5E0051CBEE /* PBXTargetDependency */ = {
			isa = PBXTargetDependency;
			target = 318FC3B82A820C5C0051CBEE /* PopUp */;
			targetProxy = 318FC3D02A820C5E0051CBEE /* PBXContainerItemProxy */;
		};
		318FC3DB2A820C5E0051CBEE /* PBXTargetDependency */ = {
			isa = PBXTargetDependency;
			target = 318FC3B82A820C5C0051CBEE /* PopUp */;
			targetProxy = 318FC3DA2A820C5E0051CBEE /* PBXContainerItemProxy */;
		};
/* End PBXTargetDependency section */

/* Begin PBXVariantGroup section */
		318FC3C22A820C5C0051CBEE /* Main.storyboard */ = {
			isa = PBXVariantGroup;
			children = (
				318FC3C32A820C5C0051CBEE /* Base */,
			);
			name = Main.storyboard;
			sourceTree = "<group>";
		};
		318FC3C72A820C5D0051CBEE /* LaunchScreen.storyboard */ = {
			isa = PBXVariantGroup;
			children = (
				318FC3C82A820C5D0051CBEE /* Base */,
			);
			name = LaunchScreen.storyboard;
			sourceTree = "<group>";
		};
/* End PBXVariantGroup section */

/* Begin XCBuildConfiguration section */
		318FC3E12A820C5E0051CBEE /* Debug */ = {
			isa = XCBuildConfiguration;
			buildSettings = {
				ALWAYS_SEARCH_USER_PATHS = NO;
				CLANG_ANALYZER_NONNULL = YES;
				CLANG_ANALYZER_NUMBER_OBJECT_CONVERSION = YES_AGGRESSIVE;
				CLANG_CXX_LANGUAGE_STANDARD = "gnu++20";
				CLANG_ENABLE_MODULES = YES;
				CLANG_ENABLE_OBJC_ARC = YES;
				CLANG_ENABLE_OBJC_WEAK = YES;
				CLANG_WARN_BLOCK_CAPTURE_AUTORELEASING = YES;
				CLANG_WARN_BOOL_CONVERSION = YES;
				CLANG_WARN_COMMA = YES;
				CLANG_WARN_CONSTANT_CONVERSION = YES;
				CLANG_WARN_DEPRECATED_OBJC_IMPLEMENTATIONS = YES;
				CLANG_WARN_DIRECT_OBJC_ISA_USAGE = YES_ERROR;
				CLANG_WARN_DOCUMENTATION_COMMENTS = YES;
				CLANG_WARN_EMPTY_BODY = YES;
				CLANG_WARN_ENUM_CONVERSION = YES;
				CLANG_WARN_INFINITE_RECURSION = YES;
				CLANG_WARN_INT_CONVERSION = YES;
				CLANG_WARN_NON_LITERAL_NULL_CONVERSION = YES;
				CLANG_WARN_OBJC_IMPLICIT_RETAIN_SELF = YES;
				CLANG_WARN_OBJC_LITERAL_CONVERSION = YES;
				CLANG_WARN_OBJC_ROOT_CLASS = YES_ERROR;
				CLANG_WARN_QUOTED_INCLUDE_IN_FRAMEWORK_HEADER = YES;
				CLANG_WARN_RANGE_LOOP_ANALYSIS = YES;
				CLANG_WARN_STRICT_PROTOTYPES = YES;
				CLANG_WARN_SUSPICIOUS_MOVE = YES;
				CLANG_WARN_UNGUARDED_AVAILABILITY = YES_AGGRESSIVE;
				CLANG_WARN_UNREACHABLE_CODE = YES;
				CLANG_WARN__DUPLICATE_METHOD_MATCH = YES;
				COPY_PHASE_STRIP = NO;
				DEBUG_INFORMATION_FORMAT = dwarf;
				ENABLE_STRICT_OBJC_MSGSEND = YES;
				ENABLE_TESTABILITY = YES;
				GCC_C_LANGUAGE_STANDARD = gnu11;
				GCC_DYNAMIC_NO_PIC = NO;
				GCC_NO_COMMON_BLOCKS = YES;
				GCC_OPTIMIZATION_LEVEL = 0;
				GCC_PREPROCESSOR_DEFINITIONS = (
					"DEBUG=1",
					"$(inherited)",
				);
				GCC_WARN_64_TO_32_BIT_CONVERSION = YES;
				GCC_WARN_ABOUT_RETURN_TYPE = YES_ERROR;
				GCC_WARN_UNDECLARED_SELECTOR = YES;
				GCC_WARN_UNINITIALIZED_AUTOS = YES_AGGRESSIVE;
				GCC_WARN_UNUSED_FUNCTION = YES;
				GCC_WARN_UNUSED_VARIABLE = YES;
				IPHONEOS_DEPLOYMENT_TARGET = 16.4;
				MTL_ENABLE_DEBUG_INFO = INCLUDE_SOURCE;
				MTL_FAST_MATH = YES;
				ONLY_ACTIVE_ARCH = YES;
				SDKROOT = iphoneos;
				SWIFT_ACTIVE_COMPILATION_CONDITIONS = DEBUG;
				SWIFT_OPTIMIZATION_LEVEL = "-Onone";
			};
			name = Debug;
		};
		318FC3E22A820C5E0051CBEE /* Release */ = {
			isa = XCBuildConfiguration;
			buildSettings = {
				ALWAYS_SEARCH_USER_PATHS = NO;
				CLANG_ANALYZER_NONNULL = YES;
				CLANG_ANALYZER_NUMBER_OBJECT_CONVERSION = YES_AGGRESSIVE;
				CLANG_CXX_LANGUAGE_STANDARD = "gnu++20";
				CLANG_ENABLE_MODULES = YES;
				CLANG_ENABLE_OBJC_ARC = YES;
				CLANG_ENABLE_OBJC_WEAK = YES;
				CLANG_WARN_BLOCK_CAPTURE_AUTORELEASING = YES;
				CLANG_WARN_BOOL_CONVERSION = YES;
				CLANG_WARN_COMMA = YES;
				CLANG_WARN_CONSTANT_CONVERSION = YES;
				CLANG_WARN_DEPRECATED_OBJC_IMPLEMENTATIONS = YES;
				CLANG_WARN_DIRECT_OBJC_ISA_USAGE = YES_ERROR;
				CLANG_WARN_DOCUMENTATION_COMMENTS = YES;
				CLANG_WARN_EMPTY_BODY = YES;
				CLANG_WARN_ENUM_CONVERSION = YES;
				CLANG_WARN_INFINITE_RECURSION = YES;
				CLANG_WARN_INT_CONVERSION = YES;
				CLANG_WARN_NON_LITERAL_NULL_CONVERSION = YES;
				CLANG_WARN_OBJC_IMPLICIT_RETAIN_SELF = YES;
				CLANG_WARN_OBJC_LITERAL_CONVERSION = YES;
				CLANG_WARN_OBJC_ROOT_CLASS = YES_ERROR;
				CLANG_WARN_QUOTED_INCLUDE_IN_FRAMEWORK_HEADER = YES;
				CLANG_WARN_RANGE_LOOP_ANALYSIS = YES;
				CLANG_WARN_STRICT_PROTOTYPES = YES;
				CLANG_WARN_SUSPICIOUS_MOVE = YES;
				CLANG_WARN_UNGUARDED_AVAILABILITY = YES_AGGRESSIVE;
				CLANG_WARN_UNREACHABLE_CODE = YES;
				CLANG_WARN__DUPLICATE_METHOD_MATCH = YES;
				COPY_PHASE_STRIP = NO;
				DEBUG_INFORMATION_FORMAT = "dwarf-with-dsym";
				ENABLE_NS_ASSERTIONS = NO;
				ENABLE_STRICT_OBJC_MSGSEND = YES;
				GCC_C_LANGUAGE_STANDARD = gnu11;
				GCC_NO_COMMON_BLOCKS = YES;
				GCC_WARN_64_TO_32_BIT_CONVERSION = YES;
				GCC_WARN_ABOUT_RETURN_TYPE = YES_ERROR;
				GCC_WARN_UNDECLARED_SELECTOR = YES;
				GCC_WARN_UNINITIALIZED_AUTOS = YES_AGGRESSIVE;
				GCC_WARN_UNUSED_FUNCTION = YES;
				GCC_WARN_UNUSED_VARIABLE = YES;
				IPHONEOS_DEPLOYMENT_TARGET = 16.4;
				MTL_ENABLE_DEBUG_INFO = NO;
				MTL_FAST_MATH = YES;
				SDKROOT = iphoneos;
				SWIFT_COMPILATION_MODE = wholemodule;
				SWIFT_OPTIMIZATION_LEVEL = "-O";
				VALIDATE_PRODUCT = YES;
			};
			name = Release;
		};
		318FC3E42A820C5E0051CBEE /* Debug */ = {
			isa = XCBuildConfiguration;
			baseConfigurationReference = F5E0D0D323BF2489BB9ACE45 /* Pods-PopUp.debug.xcconfig */;
			buildSettings = {
				ASSETCATALOG_COMPILER_APPICON_NAME = AppIcon;
				ASSETCATALOG_COMPILER_GLOBAL_ACCENT_COLOR_NAME = AccentColor;
				CLANG_ENABLE_OBJC_ARC = NO;
				CODE_SIGN_STYLE = Automatic;
				CURRENT_PROJECT_VERSION = 1;
				FRAMEWORK_SEARCH_PATHS = (
					"$(inherited)",
					"$(PROJECT_DIR)/IOS_DaumMap_SDK_1.4.0/lib/DaumMap.embeddedframework",
					"$(PROJECT_DIR)/DaumMap.embeddedframework",
				);
				GENERATE_INFOPLIST_FILE = YES;
				INFOPLIST_FILE = PopUp/Info.plist;
				INFOPLIST_KEY_UIApplicationSupportsIndirectInputEvents = YES;
				INFOPLIST_KEY_UILaunchStoryboardName = LaunchScreen;
				INFOPLIST_KEY_UIMainStoryboardFile = Main;
				INFOPLIST_KEY_UISupportedInterfaceOrientations_iPad = "UIInterfaceOrientationPortrait UIInterfaceOrientationPortraitUpsideDown UIInterfaceOrientationLandscapeLeft UIInterfaceOrientationLandscapeRight";
				INFOPLIST_KEY_UISupportedInterfaceOrientations_iPhone = "UIInterfaceOrientationPortrait UIInterfaceOrientationLandscapeLeft UIInterfaceOrientationLandscapeRight";
				IPHONEOS_DEPLOYMENT_TARGET = 15.0;
				LD_RUNPATH_SEARCH_PATHS = (
					"$(inherited)",
					"@executable_path/Frameworks",
				);
				MARKETING_VERSION = 1.0;
				PRODUCT_BUNDLE_IDENTIFIER = Kanchoz.PopUp;
				PRODUCT_NAME = "$(TARGET_NAME)";
				SUPPORTED_PLATFORMS = "iphoneos iphonesimulator";
				SUPPORTS_MACCATALYST = NO;
				SUPPORTS_MAC_DESIGNED_FOR_IPHONE_IPAD = NO;
				SWIFT_EMIT_LOC_STRINGS = YES;
				SWIFT_INSTALL_OBJC_HEADER = NO;
				SWIFT_OBJC_BRIDGING_HEADER = "";
				SWIFT_OBJC_INTERFACE_HEADER_NAME = "";
				SWIFT_VERSION = 5.0;
				TARGETED_DEVICE_FAMILY = "1,2";
			};
			name = Debug;
		};
		318FC3E52A820C5E0051CBEE /* Release */ = {
			isa = XCBuildConfiguration;
			baseConfigurationReference = 6360D02F942C34D288A76E31 /* Pods-PopUp.release.xcconfig */;
			buildSettings = {
				ASSETCATALOG_COMPILER_APPICON_NAME = AppIcon;
				ASSETCATALOG_COMPILER_GLOBAL_ACCENT_COLOR_NAME = AccentColor;
				CLANG_ENABLE_OBJC_ARC = NO;
				CODE_SIGN_STYLE = Automatic;
				CURRENT_PROJECT_VERSION = 1;
				FRAMEWORK_SEARCH_PATHS = (
					"$(inherited)",
					"$(PROJECT_DIR)/IOS_DaumMap_SDK_1.4.0/lib/DaumMap.embeddedframework",
					"$(PROJECT_DIR)/DaumMap.embeddedframework",
				);
				GENERATE_INFOPLIST_FILE = YES;
				INFOPLIST_FILE = PopUp/Info.plist;
				INFOPLIST_KEY_UIApplicationSupportsIndirectInputEvents = YES;
				INFOPLIST_KEY_UILaunchStoryboardName = LaunchScreen;
				INFOPLIST_KEY_UIMainStoryboardFile = Main;
				INFOPLIST_KEY_UISupportedInterfaceOrientations_iPad = "UIInterfaceOrientationPortrait UIInterfaceOrientationPortraitUpsideDown UIInterfaceOrientationLandscapeLeft UIInterfaceOrientationLandscapeRight";
				INFOPLIST_KEY_UISupportedInterfaceOrientations_iPhone = "UIInterfaceOrientationPortrait UIInterfaceOrientationLandscapeLeft UIInterfaceOrientationLandscapeRight";
				IPHONEOS_DEPLOYMENT_TARGET = 15.0;
				LD_RUNPATH_SEARCH_PATHS = (
					"$(inherited)",
					"@executable_path/Frameworks",
				);
				MARKETING_VERSION = 1.0;
				ONLY_ACTIVE_ARCH = YES;
				PRODUCT_BUNDLE_IDENTIFIER = Kanchoz.PopUp;
				PRODUCT_NAME = "$(TARGET_NAME)";
				SUPPORTED_PLATFORMS = "iphoneos iphonesimulator";
				SUPPORTS_MACCATALYST = NO;
				SUPPORTS_MAC_DESIGNED_FOR_IPHONE_IPAD = NO;
				SWIFT_EMIT_LOC_STRINGS = YES;
				SWIFT_INSTALL_OBJC_HEADER = NO;
				SWIFT_OBJC_BRIDGING_HEADER = "";
				SWIFT_OBJC_INTERFACE_HEADER_NAME = "";
				SWIFT_VERSION = 5.0;
				TARGETED_DEVICE_FAMILY = "1,2";
			};
			name = Release;
		};
		318FC3E72A820C5E0051CBEE /* Debug */ = {
			isa = XCBuildConfiguration;
			baseConfigurationReference = 4FB393E167B8F9250A47B7AE /* Pods-PopUpTests.debug.xcconfig */;
			buildSettings = {
				ALWAYS_EMBED_SWIFT_STANDARD_LIBRARIES = YES;
				BUNDLE_LOADER = "$(TEST_HOST)";
				CODE_SIGN_STYLE = Automatic;
				CURRENT_PROJECT_VERSION = 1;
				GENERATE_INFOPLIST_FILE = YES;
				IPHONEOS_DEPLOYMENT_TARGET = 16.4;
				MARKETING_VERSION = 1.0;
				PRODUCT_BUNDLE_IDENTIFIER = Kanchoz.PopUpTests;
				PRODUCT_NAME = "$(TARGET_NAME)";
				SWIFT_EMIT_LOC_STRINGS = NO;
				SWIFT_VERSION = 5.0;
				TARGETED_DEVICE_FAMILY = "1,2";
				TEST_HOST = "$(BUILT_PRODUCTS_DIR)/PopUp.app/$(BUNDLE_EXECUTABLE_FOLDER_PATH)/PopUp";
			};
			name = Debug;
		};
		318FC3E82A820C5E0051CBEE /* Release */ = {
			isa = XCBuildConfiguration;
			baseConfigurationReference = 570AA3A97084F5D5D09C7B3A /* Pods-PopUpTests.release.xcconfig */;
			buildSettings = {
				ALWAYS_EMBED_SWIFT_STANDARD_LIBRARIES = YES;
				BUNDLE_LOADER = "$(TEST_HOST)";
				CODE_SIGN_STYLE = Automatic;
				CURRENT_PROJECT_VERSION = 1;
				GENERATE_INFOPLIST_FILE = YES;
				IPHONEOS_DEPLOYMENT_TARGET = 16.4;
				MARKETING_VERSION = 1.0;
				PRODUCT_BUNDLE_IDENTIFIER = Kanchoz.PopUpTests;
				PRODUCT_NAME = "$(TARGET_NAME)";
				SWIFT_EMIT_LOC_STRINGS = NO;
				SWIFT_VERSION = 5.0;
				TARGETED_DEVICE_FAMILY = "1,2";
				TEST_HOST = "$(BUILT_PRODUCTS_DIR)/PopUp.app/$(BUNDLE_EXECUTABLE_FOLDER_PATH)/PopUp";
			};
			name = Release;
		};
		318FC3EA2A820C5E0051CBEE /* Debug */ = {
			isa = XCBuildConfiguration;
			baseConfigurationReference = 43A943BD75DBC764944CCD76 /* Pods-PopUp-PopUpUITests.debug.xcconfig */;
			buildSettings = {
				ALWAYS_EMBED_SWIFT_STANDARD_LIBRARIES = YES;
				CODE_SIGN_STYLE = Automatic;
				CURRENT_PROJECT_VERSION = 1;
				GENERATE_INFOPLIST_FILE = YES;
				MARKETING_VERSION = 1.0;
				PRODUCT_BUNDLE_IDENTIFIER = Kanchoz.PopUpUITests;
				PRODUCT_NAME = "$(TARGET_NAME)";
				SWIFT_EMIT_LOC_STRINGS = NO;
				SWIFT_VERSION = 5.0;
				TARGETED_DEVICE_FAMILY = "1,2";
				TEST_TARGET_NAME = PopUp;
			};
			name = Debug;
		};
		318FC3EB2A820C5E0051CBEE /* Release */ = {
			isa = XCBuildConfiguration;
			baseConfigurationReference = 3CDA88CCF5420BC8128C9947 /* Pods-PopUp-PopUpUITests.release.xcconfig */;
			buildSettings = {
				ALWAYS_EMBED_SWIFT_STANDARD_LIBRARIES = YES;
				CODE_SIGN_STYLE = Automatic;
				CURRENT_PROJECT_VERSION = 1;
				GENERATE_INFOPLIST_FILE = YES;
				MARKETING_VERSION = 1.0;
				PRODUCT_BUNDLE_IDENTIFIER = Kanchoz.PopUpUITests;
				PRODUCT_NAME = "$(TARGET_NAME)";
				SWIFT_EMIT_LOC_STRINGS = NO;
				SWIFT_VERSION = 5.0;
				TARGETED_DEVICE_FAMILY = "1,2";
				TEST_TARGET_NAME = PopUp;
			};
			name = Release;
		};
/* End XCBuildConfiguration section */

/* Begin XCConfigurationList section */
		318FC3B42A820C5C0051CBEE /* Build configuration list for PBXProject "PopUp" */ = {
			isa = XCConfigurationList;
			buildConfigurations = (
				318FC3E12A820C5E0051CBEE /* Debug */,
				318FC3E22A820C5E0051CBEE /* Release */,
			);
			defaultConfigurationIsVisible = 0;
			defaultConfigurationName = Release;
		};
		318FC3E32A820C5E0051CBEE /* Build configuration list for PBXNativeTarget "PopUp" */ = {
			isa = XCConfigurationList;
			buildConfigurations = (
				318FC3E42A820C5E0051CBEE /* Debug */,
				318FC3E52A820C5E0051CBEE /* Release */,
			);
			defaultConfigurationIsVisible = 0;
			defaultConfigurationName = Release;
		};
		318FC3E62A820C5E0051CBEE /* Build configuration list for PBXNativeTarget "PopUpTests" */ = {
			isa = XCConfigurationList;
			buildConfigurations = (
				318FC3E72A820C5E0051CBEE /* Debug */,
				318FC3E82A820C5E0051CBEE /* Release */,
			);
			defaultConfigurationIsVisible = 0;
			defaultConfigurationName = Release;
		};
		318FC3E92A820C5E0051CBEE /* Build configuration list for PBXNativeTarget "PopUpUITests" */ = {
			isa = XCConfigurationList;
			buildConfigurations = (
				318FC3EA2A820C5E0051CBEE /* Debug */,
				318FC3EB2A820C5E0051CBEE /* Release */,
			);
			defaultConfigurationIsVisible = 0;
			defaultConfigurationName = Release;
		};
/* End XCConfigurationList section */
	};
	rootObject = 318FC3B12A820C5C0051CBEE /* Project object */;
}
